
Microsoft Visual Studio Solution File, Format Version 12.00
# Visual Studio Version 17
VisualStudioVersion = 17.5.33414.496
MinimumVisualStudioVersion = 10.0.40219.1
Project("{8BC9CEB8-8B4A-11D0-8D11-00A0C91BC942}") = "localVariables", "localVariables\localVariables.vcxproj", "{C5BAE1FF-3A13-4B4A-92D1-9E737E163F92}"
EndProject
Global
	GlobalSection(SolutionConfigurationPlatforms) = preSolution
		Debug|x64 = Debug|x64
		Debug|x86 = Debug|x86
		Release|x64 = Release|x64
		Release|x86 = Release|x86
	EndGlobalSection
	GlobalSection(ProjectConfigurationPlatforms) = postSolution
		{C5BAE1FF-3A13-4B4A-92D1-9E737E163F92}.Debug|x64.ActiveCfg = Debug|x64
		{C5BAE1FF-3A13-4B4A-92D1-9E737E163F92}.Debug|x64.Build.0 = Debug|x64
		{C5BAE1FF-3A13-4B4A-92D1-9E737E163F92}.Debug|x86.ActiveCfg = Debug|Win32
		{C5BAE1FF-3A13-4B4A-92D1-9E737E163F92}.Debug|x86.Build.0 = Debug|Win32
		{C5BAE1FF-3A13-4B4A-92D1-9E737E163F92}.Release|x64.ActiveCfg = Release|x64
		{C5BAE1FF-3A13-4B4A-92D1-9E737E163F92}.Release|x64.Build.0 = Release|x64
		{C5BAE1FF-3A13-4B4A-92D1-9E737E163F92}.Release|x86.ActiveCfg = Release|Win32
		{C5BAE1FF-3A13-4B4A-92D1-9E737E163F92}.Release|x86.Build.0 = Release|Win32
	EndGlobalSection
	GlobalSection(SolutionProperties) = preSolution
		HideSolutionNode = FALSE
	EndGlobalSection
	GlobalSection(ExtensibilityGlobals) = postSolution
		SolutionGuid = {8E6E69E2-DDB4-4A48-AD20-F995F4813489}
	EndGlobalSection
EndGlobal
